// !$*UTF8*$!
{
	archiveVersion = 1;
	classes = {
	};
	objectVersion = 56;
	objects = {

/* Begin PBXBuildFile section */
		00786976299145780018B384 /* DownloadAudioRoutineUseCase.swift in Sources */ = {isa = PBXBuildFile; fileRef = 00786975299145780018B384 /* DownloadAudioRoutineUseCase.swift */; };
		00786979299145D30018B384 /* Constants.swift in Sources */ = {isa = PBXBuildFile; fileRef = 00786978299145D30018B384 /* Constants.swift */; };
		0087CB762931214600404615 /* song2.m4a in Resources */ = {isa = PBXBuildFile; fileRef = 0087CB752931214600404615 /* song2.m4a */; };
		0087CBB52938E1C500404615 /* AlertPresentable.swift in Sources */ = {isa = PBXBuildFile; fileRef = 0087CBB42938E1C500404615 /* AlertPresentable.swift */; };
		0087CBB92938E26F00404615 /* BubblegumPresenting.swift in Sources */ = {isa = PBXBuildFile; fileRef = 0087CBB82938E26F00404615 /* BubblegumPresenting.swift */; };
		0087CBBB2938E27800404615 /* BubblegumPresenter.swift in Sources */ = {isa = PBXBuildFile; fileRef = 0087CBBA2938E27800404615 /* BubblegumPresenter.swift */; };
		0087CBBE2938E3D900404615 /* Audio.swift in Sources */ = {isa = PBXBuildFile; fileRef = 0087CBBD2938E3D900404615 /* Audio.swift */; };
		0087CBBF2938E8C600404615 /* song.m4a in Resources */ = {isa = PBXBuildFile; fileRef = 00B68BC22931210700126314 /* song.m4a */; };
		0087CBC32938ED2C00404615 /* AudioInformationGroup.swift in Sources */ = {isa = PBXBuildFile; fileRef = 0087CBC22938ED2C00404615 /* AudioInformationGroup.swift */; };
		0087CBC7293935B500404615 /* BubblegumPresenterTest.swift in Sources */ = {isa = PBXBuildFile; fileRef = 0087CBC6293935B500404615 /* BubblegumPresenterTest.swift */; };
		0087CBC92939367D00404615 /* AudioServiceSpy.swift in Sources */ = {isa = PBXBuildFile; fileRef = 0087CBC82939367D00404615 /* AudioServiceSpy.swift */; };
		0087CBCD293936C200404615 /* AudioServicing.swift in Sources */ = {isa = PBXBuildFile; fileRef = 0087CBCC293936C200404615 /* AudioServicing.swift */; };
		0087CBD0293938FC00404615 /* BubblegumViewDelegateSpy.swift in Sources */ = {isa = PBXBuildFile; fileRef = 0087CBCF293938FC00404615 /* BubblegumViewDelegateSpy.swift */; };
		0087CBD5293A540900404615 /* DownloadServicing.swift in Sources */ = {isa = PBXBuildFile; fileRef = 0087CBD4293A540900404615 /* DownloadServicing.swift */; };
		0087CBD7293E337900404615 /* DownloadServiceSpy.swift in Sources */ = {isa = PBXBuildFile; fileRef = 0087CBD6293E337900404615 /* DownloadServiceSpy.swift */; };
		00B68BC32931210700126314 /* song.m4a in Resources */ = {isa = PBXBuildFile; fileRef = 00B68BC22931210700126314 /* song.m4a */; };
		00B82E5D292BBE9C0088996B /* AppDelegate.swift in Sources */ = {isa = PBXBuildFile; fileRef = 00B82E5C292BBE9C0088996B /* AppDelegate.swift */; };
		00B82E5F292BBE9C0088996B /* SceneDelegate.swift in Sources */ = {isa = PBXBuildFile; fileRef = 00B82E5E292BBE9C0088996B /* SceneDelegate.swift */; };
		00B82E66292BBE9D0088996B /* Assets.xcassets in Resources */ = {isa = PBXBuildFile; fileRef = 00B82E65292BBE9D0088996B /* Assets.xcassets */; };
		00B82E69292BBE9D0088996B /* LaunchScreen.storyboard in Resources */ = {isa = PBXBuildFile; fileRef = 00B82E67292BBE9D0088996B /* LaunchScreen.storyboard */; };
		00B82E7E292BBE9D0088996B /* bubble_jamUITests.swift in Sources */ = {isa = PBXBuildFile; fileRef = 00B82E7D292BBE9D0088996B /* bubble_jamUITests.swift */; };
		00B82E80292BBE9D0088996B /* bubble_jamUITestsLaunchTests.swift in Sources */ = {isa = PBXBuildFile; fileRef = 00B82E7F292BBE9D0088996B /* bubble_jamUITestsLaunchTests.swift */; };
		290E72BA29465CCC008EBBEE /* Page3ViewController.swift in Sources */ = {isa = PBXBuildFile; fileRef = 290E72B929465CCC008EBBEE /* Page3ViewController.swift */; };
		29788A3B293F7FCB004F82DB /* DatetimeService.swift in Sources */ = {isa = PBXBuildFile; fileRef = 29788A3A293F7FCB004F82DB /* DatetimeService.swift */; };
		29788A3D293F7FD5004F82DB /* DatetimeServicing.swift in Sources */ = {isa = PBXBuildFile; fileRef = 29788A3C293F7FD5004F82DB /* DatetimeServicing.swift */; };
		29788A3F293F88F1004F82DB /* bubble-jamDatetimeServiceTests.swift in Sources */ = {isa = PBXBuildFile; fileRef = 29788A3E293F88F1004F82DB /* bubble-jamDatetimeServiceTests.swift */; };
		29788A482940DC30004F82DB /* OnboardingViewController.swift in Sources */ = {isa = PBXBuildFile; fileRef = 29788A472940DC30004F82DB /* OnboardingViewController.swift */; };
		29788A4A2940DC76004F82DB /* Page1ViewController.swift in Sources */ = {isa = PBXBuildFile; fileRef = 29788A492940DC76004F82DB /* Page1ViewController.swift */; };
		29788A4C2940DCC1004F82DB /* Page2ViewController.swift in Sources */ = {isa = PBXBuildFile; fileRef = 29788A4B2940DCC1004F82DB /* Page2ViewController.swift */; };
		29B34BC6292F921C0092FD1F /* AudioService.swift in Sources */ = {isa = PBXBuildFile; fileRef = 29B34BC5292F921C0092FD1F /* AudioService.swift */; };
		29B34BC9292F95BA0092FD1F /* bubble-jamAudioServiceTests.swift in Sources */ = {isa = PBXBuildFile; fileRef = 29B34BC8292F95BA0092FD1F /* bubble-jamAudioServiceTests.swift */; };
		29B34BD1292FB62D0092FD1F /* AVAudioQueueExtensions.swift in Sources */ = {isa = PBXBuildFile; fileRef = 29B34BD0292FB62D0092FD1F /* AVAudioQueueExtensions.swift */; };
		29B34BD4292FB8640092FD1F /* Testing.swift in Sources */ = {isa = PBXBuildFile; fileRef = 29B34BD3292FB8640092FD1F /* Testing.swift */; };
		29B34BD7292FB9180092FD1F /* AudioServiceError.swift in Sources */ = {isa = PBXBuildFile; fileRef = 29B34BD6292FB9180092FD1F /* AudioServiceError.swift */; };
		29B34BD92930FA560092FD1F /* DownloadService.swift in Sources */ = {isa = PBXBuildFile; fileRef = 29B34BD82930FA560092FD1F /* DownloadService.swift */; };
		29B34BDC2930FC250092FD1F /* DownloadServiceErrors.swift in Sources */ = {isa = PBXBuildFile; fileRef = 29B34BDB2930FC250092FD1F /* DownloadServiceErrors.swift */; };
		29B34BDE2930FE630092FD1F /* bubble-jamDownloadServiceTests.swift in Sources */ = {isa = PBXBuildFile; fileRef = 29B34BDD2930FE630092FD1F /* bubble-jamDownloadServiceTests.swift */; };
		D657FEDB293781BC005ADD07 /* InformationSheetViewController.swift in Sources */ = {isa = PBXBuildFile; fileRef = D657FEDA293781BC005ADD07 /* InformationSheetViewController.swift */; };
		D657FEDE293786CF005ADD07 /* Background.swift in Sources */ = {isa = PBXBuildFile; fileRef = D657FEDD293786CF005ADD07 /* Background.swift */; };
		D657FEE029378F0E005ADD07 /* ChallengeBanner.swift in Sources */ = {isa = PBXBuildFile; fileRef = D657FEDF29378F0E005ADD07 /* ChallengeBanner.swift */; };
		D657FEE229379E8F005ADD07 /* DownloadButton.swift in Sources */ = {isa = PBXBuildFile; fileRef = D657FEE129379E8F005ADD07 /* DownloadButton.swift */; };
		D65CA2FC293E1C6B008DF1B2 /* PacksTexture.swift in Sources */ = {isa = PBXBuildFile; fileRef = D65CA2FB293E1C6B008DF1B2 /* PacksTexture.swift */; };
		D65CA2FF293E36E2008DF1B2 /* DraftsViewController.swift in Sources */ = {isa = PBXBuildFile; fileRef = D65CA2FE293E36E2008DF1B2 /* DraftsViewController.swift */; };
		D65CA302293F5AE7008DF1B2 /* DraftTexture.swift in Sources */ = {isa = PBXBuildFile; fileRef = D65CA301293F5AE7008DF1B2 /* DraftTexture.swift */; };
		D673C95B2940C5F700C6B207 /* ScrollViewExtensions.swift in Sources */ = {isa = PBXBuildFile; fileRef = D673C95A2940C5F700C6B207 /* ScrollViewExtensions.swift */; };
		D673C95D2940C60900C6B207 /* ScrollMovement.swift in Sources */ = {isa = PBXBuildFile; fileRef = D673C95C2940C60900C6B207 /* ScrollMovement.swift */; };
		D673C9602940C62A00C6B207 /* ManagerViewController.swift in Sources */ = {isa = PBXBuildFile; fileRef = D673C95F2940C62A00C6B207 /* ManagerViewController.swift */; };
		D673C9622940C8F400C6B207 /* BackToSample.swift in Sources */ = {isa = PBXBuildFile; fileRef = D673C9612940C8F400C6B207 /* BackToSample.swift */; };
		D6ADD8C3293628F40057095A /* ViewCoding.swift in Sources */ = {isa = PBXBuildFile; fileRef = D6ADD8C2293628F40057095A /* ViewCoding.swift */; };
		D6ADD8C52936290B0057095A /* BubblegumViewController.swift in Sources */ = {isa = PBXBuildFile; fileRef = D6ADD8C42936290B0057095A /* BubblegumViewController.swift */; };
		D6ADD8C8293629340057095A /* DraftPillButton.swift in Sources */ = {isa = PBXBuildFile; fileRef = D6ADD8C7293629340057095A /* DraftPillButton.swift */; };
		D6ADD8CA293629590057095A /* SamplerPlayButton.swift in Sources */ = {isa = PBXBuildFile; fileRef = D6ADD8C9293629590057095A /* SamplerPlayButton.swift */; };
		D6ADD8CC293629820057095A /* SamplerPlayerFrame.swift in Sources */ = {isa = PBXBuildFile; fileRef = D6ADD8CB293629820057095A /* SamplerPlayerFrame.swift */; };
		D6ADD8CE293629B40057095A /* SamplerTexture.swift in Sources */ = {isa = PBXBuildFile; fileRef = D6ADD8CD293629B40057095A /* SamplerTexture.swift */; };
		D6ADD8D0293629C50057095A /* TitleLabel.swift in Sources */ = {isa = PBXBuildFile; fileRef = D6ADD8CF293629C50057095A /* TitleLabel.swift */; };
/* End PBXBuildFile section */

/* Begin PBXContainerItemProxy section */
		00B82E70292BBE9D0088996B /* PBXContainerItemProxy */ = {
			isa = PBXContainerItemProxy;
			containerPortal = 00B82E51292BBE9C0088996B /* Project object */;
			proxyType = 1;
			remoteGlobalIDString = 00B82E58292BBE9C0088996B;
			remoteInfo = "bubble-jam";
		};
		00B82E7A292BBE9D0088996B /* PBXContainerItemProxy */ = {
			isa = PBXContainerItemProxy;
			containerPortal = 00B82E51292BBE9C0088996B /* Project object */;
			proxyType = 1;
			remoteGlobalIDString = 00B82E58292BBE9C0088996B;
			remoteInfo = "bubble-jam";
		};
/* End PBXContainerItemProxy section */

/* Begin PBXFileReference section */
		00786975299145780018B384 /* DownloadAudioRoutineUseCase.swift */ = {isa = PBXFileReference; lastKnownFileType = sourcecode.swift; path = DownloadAudioRoutineUseCase.swift; sourceTree = "<group>"; };
		00786978299145D30018B384 /* Constants.swift */ = {isa = PBXFileReference; lastKnownFileType = sourcecode.swift; path = Constants.swift; sourceTree = "<group>"; };
		0087CB752931214600404615 /* song2.m4a */ = {isa = PBXFileReference; lastKnownFileType = file; path = song2.m4a; sourceTree = "<group>"; };
		0087CBB42938E1C500404615 /* AlertPresentable.swift */ = {isa = PBXFileReference; lastKnownFileType = sourcecode.swift; path = AlertPresentable.swift; sourceTree = "<group>"; };
		0087CBB82938E26F00404615 /* BubblegumPresenting.swift */ = {isa = PBXFileReference; lastKnownFileType = sourcecode.swift; path = BubblegumPresenting.swift; sourceTree = "<group>"; };
		0087CBBA2938E27800404615 /* BubblegumPresenter.swift */ = {isa = PBXFileReference; lastKnownFileType = sourcecode.swift; path = BubblegumPresenter.swift; sourceTree = "<group>"; };
		0087CBBD2938E3D900404615 /* Audio.swift */ = {isa = PBXFileReference; lastKnownFileType = sourcecode.swift; path = Audio.swift; sourceTree = "<group>"; };
		0087CBC22938ED2C00404615 /* AudioInformationGroup.swift */ = {isa = PBXFileReference; lastKnownFileType = sourcecode.swift; path = AudioInformationGroup.swift; sourceTree = "<group>"; };
		0087CBC6293935B500404615 /* BubblegumPresenterTest.swift */ = {isa = PBXFileReference; lastKnownFileType = sourcecode.swift; path = BubblegumPresenterTest.swift; sourceTree = "<group>"; };
		0087CBC82939367D00404615 /* AudioServiceSpy.swift */ = {isa = PBXFileReference; lastKnownFileType = sourcecode.swift; path = AudioServiceSpy.swift; sourceTree = "<group>"; };
		0087CBCC293936C200404615 /* AudioServicing.swift */ = {isa = PBXFileReference; lastKnownFileType = sourcecode.swift; path = AudioServicing.swift; sourceTree = "<group>"; };
		0087CBCF293938FC00404615 /* BubblegumViewDelegateSpy.swift */ = {isa = PBXFileReference; lastKnownFileType = sourcecode.swift; path = BubblegumViewDelegateSpy.swift; sourceTree = "<group>"; };
		0087CBD4293A540900404615 /* DownloadServicing.swift */ = {isa = PBXFileReference; lastKnownFileType = sourcecode.swift; path = DownloadServicing.swift; sourceTree = "<group>"; };
		0087CBD6293E337900404615 /* DownloadServiceSpy.swift */ = {isa = PBXFileReference; lastKnownFileType = sourcecode.swift; path = DownloadServiceSpy.swift; sourceTree = "<group>"; };
		00B68BC22931210700126314 /* song.m4a */ = {isa = PBXFileReference; lastKnownFileType = file; path = song.m4a; sourceTree = "<group>"; };
		00B82E59292BBE9C0088996B /* bubble-jam.app */ = {isa = PBXFileReference; explicitFileType = wrapper.application; includeInIndex = 0; path = "bubble-jam.app"; sourceTree = BUILT_PRODUCTS_DIR; };
		00B82E5C292BBE9C0088996B /* AppDelegate.swift */ = {isa = PBXFileReference; lastKnownFileType = sourcecode.swift; path = AppDelegate.swift; sourceTree = "<group>"; };
		00B82E5E292BBE9C0088996B /* SceneDelegate.swift */ = {isa = PBXFileReference; lastKnownFileType = sourcecode.swift; path = SceneDelegate.swift; sourceTree = "<group>"; };
		00B82E65292BBE9D0088996B /* Assets.xcassets */ = {isa = PBXFileReference; lastKnownFileType = folder.assetcatalog; path = Assets.xcassets; sourceTree = "<group>"; };
		00B82E68292BBE9D0088996B /* Base */ = {isa = PBXFileReference; lastKnownFileType = file.storyboard; name = Base; path = Base.lproj/LaunchScreen.storyboard; sourceTree = "<group>"; };
		00B82E6A292BBE9D0088996B /* Info.plist */ = {isa = PBXFileReference; lastKnownFileType = text.plist.xml; path = Info.plist; sourceTree = "<group>"; };
		00B82E6F292BBE9D0088996B /* bubble-jamTests.xctest */ = {isa = PBXFileReference; explicitFileType = wrapper.cfbundle; includeInIndex = 0; path = "bubble-jamTests.xctest"; sourceTree = BUILT_PRODUCTS_DIR; };
		00B82E79292BBE9D0088996B /* bubble-jamUITests.xctest */ = {isa = PBXFileReference; explicitFileType = wrapper.cfbundle; includeInIndex = 0; path = "bubble-jamUITests.xctest"; sourceTree = BUILT_PRODUCTS_DIR; };
		00B82E7D292BBE9D0088996B /* bubble_jamUITests.swift */ = {isa = PBXFileReference; lastKnownFileType = sourcecode.swift; path = bubble_jamUITests.swift; sourceTree = "<group>"; };
		00B82E7F292BBE9D0088996B /* bubble_jamUITestsLaunchTests.swift */ = {isa = PBXFileReference; lastKnownFileType = sourcecode.swift; path = bubble_jamUITestsLaunchTests.swift; sourceTree = "<group>"; };
		290E72B929465CCC008EBBEE /* Page3ViewController.swift */ = {isa = PBXFileReference; lastKnownFileType = sourcecode.swift; path = Page3ViewController.swift; sourceTree = "<group>"; };
		29788A3A293F7FCB004F82DB /* DatetimeService.swift */ = {isa = PBXFileReference; lastKnownFileType = sourcecode.swift; path = DatetimeService.swift; sourceTree = "<group>"; };
		29788A3C293F7FD5004F82DB /* DatetimeServicing.swift */ = {isa = PBXFileReference; lastKnownFileType = sourcecode.swift; path = DatetimeServicing.swift; sourceTree = "<group>"; };
		29788A3E293F88F1004F82DB /* bubble-jamDatetimeServiceTests.swift */ = {isa = PBXFileReference; lastKnownFileType = sourcecode.swift; path = "bubble-jamDatetimeServiceTests.swift"; sourceTree = "<group>"; };
		29788A472940DC30004F82DB /* OnboardingViewController.swift */ = {isa = PBXFileReference; lastKnownFileType = sourcecode.swift; path = OnboardingViewController.swift; sourceTree = "<group>"; };
		29788A492940DC76004F82DB /* Page1ViewController.swift */ = {isa = PBXFileReference; lastKnownFileType = sourcecode.swift; path = Page1ViewController.swift; sourceTree = "<group>"; };
		29788A4B2940DCC1004F82DB /* Page2ViewController.swift */ = {isa = PBXFileReference; lastKnownFileType = sourcecode.swift; path = Page2ViewController.swift; sourceTree = "<group>"; };
		29B34BC5292F921C0092FD1F /* AudioService.swift */ = {isa = PBXFileReference; lastKnownFileType = sourcecode.swift; path = AudioService.swift; sourceTree = "<group>"; };
		29B34BC8292F95BA0092FD1F /* bubble-jamAudioServiceTests.swift */ = {isa = PBXFileReference; lastKnownFileType = sourcecode.swift; path = "bubble-jamAudioServiceTests.swift"; sourceTree = "<group>"; };
		29B34BCA292F9B9D0092FD1F /* song2.m4a */ = {isa = PBXFileReference; lastKnownFileType = file; path = song2.m4a; sourceTree = "<group>"; };
		29B34BD0292FB62D0092FD1F /* AVAudioQueueExtensions.swift */ = {isa = PBXFileReference; lastKnownFileType = sourcecode.swift; path = AVAudioQueueExtensions.swift; sourceTree = "<group>"; };
		29B34BD3292FB8640092FD1F /* Testing.swift */ = {isa = PBXFileReference; lastKnownFileType = sourcecode.swift; path = Testing.swift; sourceTree = "<group>"; };
		29B34BD6292FB9180092FD1F /* AudioServiceError.swift */ = {isa = PBXFileReference; lastKnownFileType = sourcecode.swift; path = AudioServiceError.swift; sourceTree = "<group>"; };
		29B34BD82930FA560092FD1F /* DownloadService.swift */ = {isa = PBXFileReference; lastKnownFileType = sourcecode.swift; path = DownloadService.swift; sourceTree = "<group>"; };
		29B34BDB2930FC250092FD1F /* DownloadServiceErrors.swift */ = {isa = PBXFileReference; lastKnownFileType = sourcecode.swift; path = DownloadServiceErrors.swift; sourceTree = "<group>"; };
		29B34BDD2930FE630092FD1F /* bubble-jamDownloadServiceTests.swift */ = {isa = PBXFileReference; lastKnownFileType = sourcecode.swift; path = "bubble-jamDownloadServiceTests.swift"; sourceTree = "<group>"; };
		D657FEDA293781BC005ADD07 /* InformationSheetViewController.swift */ = {isa = PBXFileReference; lastKnownFileType = sourcecode.swift; path = InformationSheetViewController.swift; sourceTree = "<group>"; };
		D657FEDD293786CF005ADD07 /* Background.swift */ = {isa = PBXFileReference; lastKnownFileType = sourcecode.swift; path = Background.swift; sourceTree = "<group>"; };
		D657FEDF29378F0E005ADD07 /* ChallengeBanner.swift */ = {isa = PBXFileReference; lastKnownFileType = sourcecode.swift; path = ChallengeBanner.swift; sourceTree = "<group>"; };
		D657FEE129379E8F005ADD07 /* DownloadButton.swift */ = {isa = PBXFileReference; lastKnownFileType = sourcecode.swift; path = DownloadButton.swift; sourceTree = "<group>"; };
		D65CA2FB293E1C6B008DF1B2 /* PacksTexture.swift */ = {isa = PBXFileReference; lastKnownFileType = sourcecode.swift; path = PacksTexture.swift; sourceTree = "<group>"; };
		D65CA2FE293E36E2008DF1B2 /* DraftsViewController.swift */ = {isa = PBXFileReference; lastKnownFileType = sourcecode.swift; path = DraftsViewController.swift; sourceTree = "<group>"; };
		D65CA301293F5AE7008DF1B2 /* DraftTexture.swift */ = {isa = PBXFileReference; lastKnownFileType = sourcecode.swift; path = DraftTexture.swift; sourceTree = "<group>"; };
		D673C95A2940C5F700C6B207 /* ScrollViewExtensions.swift */ = {isa = PBXFileReference; lastKnownFileType = sourcecode.swift; path = ScrollViewExtensions.swift; sourceTree = "<group>"; };
		D673C95C2940C60900C6B207 /* ScrollMovement.swift */ = {isa = PBXFileReference; lastKnownFileType = sourcecode.swift; path = ScrollMovement.swift; sourceTree = "<group>"; };
		D673C95F2940C62A00C6B207 /* ManagerViewController.swift */ = {isa = PBXFileReference; lastKnownFileType = sourcecode.swift; path = ManagerViewController.swift; sourceTree = "<group>"; };
		D673C9612940C8F400C6B207 /* BackToSample.swift */ = {isa = PBXFileReference; lastKnownFileType = sourcecode.swift; path = BackToSample.swift; sourceTree = "<group>"; };
		D6ADD8C2293628F40057095A /* ViewCoding.swift */ = {isa = PBXFileReference; lastKnownFileType = sourcecode.swift; path = ViewCoding.swift; sourceTree = "<group>"; };
		D6ADD8C42936290B0057095A /* BubblegumViewController.swift */ = {isa = PBXFileReference; lastKnownFileType = sourcecode.swift; path = BubblegumViewController.swift; sourceTree = "<group>"; };
		D6ADD8C7293629340057095A /* DraftPillButton.swift */ = {isa = PBXFileReference; lastKnownFileType = sourcecode.swift; path = DraftPillButton.swift; sourceTree = "<group>"; };
		D6ADD8C9293629590057095A /* SamplerPlayButton.swift */ = {isa = PBXFileReference; lastKnownFileType = sourcecode.swift; path = SamplerPlayButton.swift; sourceTree = "<group>"; };
		D6ADD8CB293629820057095A /* SamplerPlayerFrame.swift */ = {isa = PBXFileReference; lastKnownFileType = sourcecode.swift; path = SamplerPlayerFrame.swift; sourceTree = "<group>"; };
		D6ADD8CD293629B40057095A /* SamplerTexture.swift */ = {isa = PBXFileReference; lastKnownFileType = sourcecode.swift; path = SamplerTexture.swift; sourceTree = "<group>"; };
		D6ADD8CF293629C50057095A /* TitleLabel.swift */ = {isa = PBXFileReference; lastKnownFileType = sourcecode.swift; path = TitleLabel.swift; sourceTree = "<group>"; };
		D6ADD8D129362A360057095A /* song.m4a */ = {isa = PBXFileReference; lastKnownFileType = file; path = song.m4a; sourceTree = "<group>"; };
/* End PBXFileReference section */

/* Begin PBXFrameworksBuildPhase section */
		00B82E56292BBE9C0088996B /* Frameworks */ = {
			isa = PBXFrameworksBuildPhase;
			buildActionMask = 2147483647;
			files = (
			);
			runOnlyForDeploymentPostprocessing = 0;
		};
		00B82E6C292BBE9D0088996B /* Frameworks */ = {
			isa = PBXFrameworksBuildPhase;
			buildActionMask = 2147483647;
			files = (
			);
			runOnlyForDeploymentPostprocessing = 0;
		};
		00B82E76292BBE9D0088996B /* Frameworks */ = {
			isa = PBXFrameworksBuildPhase;
			buildActionMask = 2147483647;
			files = (
			);
			runOnlyForDeploymentPostprocessing = 0;
		};
/* End PBXFrameworksBuildPhase section */

/* Begin PBXGroup section */
		00786972299143240018B384 /* Presentation */ = {
			isa = PBXGroup;
			children = (
				29B34BC4292F92050092FD1F /* Services */,
				0087CBBC2938E2EC00404615 /* Model */,
				00B82E8F292BBED80088996B /* View */,
				0087CBB62938E23E00404615 /* Presenter */,
			);
			path = Presentation;
			sourceTree = "<group>";
		};
		00786973299144780018B384 /* Domain */ = {
			isa = PBXGroup;
			children = (
				007869742991447E0018B384 /* DownloadAudioRoutine */,
			);
			path = Domain;
			sourceTree = "<group>";
		};
		007869742991447E0018B384 /* DownloadAudioRoutine */ = {
			isa = PBXGroup;
			children = (
				00786975299145780018B384 /* DownloadAudioRoutineUseCase.swift */,
			);
			path = DownloadAudioRoutine;
			sourceTree = "<group>";
		};
		00786977299145BE0018B384 /* Data */ = {
			isa = PBXGroup;
			children = (
				00786978299145D30018B384 /* Constants.swift */,
			);
			path = Data;
			sourceTree = "<group>";
		};
		0087CBB62938E23E00404615 /* Presenter */ = {
			isa = PBXGroup;
			children = (
				0087CBB72938E25100404615 /* BubblegumPresenter */,
			);
			path = Presenter;
			sourceTree = "<group>";
		};
		0087CBB72938E25100404615 /* BubblegumPresenter */ = {
			isa = PBXGroup;
			children = (
				0087CBB82938E26F00404615 /* BubblegumPresenting.swift */,
				0087CBBA2938E27800404615 /* BubblegumPresenter.swift */,
			);
			path = BubblegumPresenter;
			sourceTree = "<group>";
		};
		0087CBBC2938E2EC00404615 /* Model */ = {
			isa = PBXGroup;
			children = (
				0087CBBD2938E3D900404615 /* Audio.swift */,
				D673C95C2940C60900C6B207 /* ScrollMovement.swift */,
			);
			path = Model;
			sourceTree = "<group>";
		};
		0087CBC42939356500404615 /* bubble-jamPresenterTests */ = {
			isa = PBXGroup;
			children = (
				0087CBCE293938D300404615 /* BubblegumPresenter */,
			);
			path = "bubble-jamPresenterTests";
			sourceTree = "<group>";
		};
		0087CBC52939359200404615 /* Doubles */ = {
			isa = PBXGroup;
			children = (
				0087CBC82939367D00404615 /* AudioServiceSpy.swift */,
				0087CBCF293938FC00404615 /* BubblegumViewDelegateSpy.swift */,
				0087CBD6293E337900404615 /* DownloadServiceSpy.swift */,
			);
			path = Doubles;
			sourceTree = "<group>";
		};
		0087CBCA293936AA00404615 /* AudioService */ = {
			isa = PBXGroup;
			children = (
				29B34BC5292F921C0092FD1F /* AudioService.swift */,
				0087CBCC293936C200404615 /* AudioServicing.swift */,
			);
			path = AudioService;
			sourceTree = "<group>";
		};
		0087CBCB293936B000404615 /* DownloadService */ = {
			isa = PBXGroup;
			children = (
				29B34BD82930FA560092FD1F /* DownloadService.swift */,
				0087CBD4293A540900404615 /* DownloadServicing.swift */,
			);
			path = DownloadService;
			sourceTree = "<group>";
		};
		0087CBCE293938D300404615 /* BubblegumPresenter */ = {
			isa = PBXGroup;
			children = (
				0087CBC52939359200404615 /* Doubles */,
				0087CBC6293935B500404615 /* BubblegumPresenterTest.swift */,
			);
			path = BubblegumPresenter;
			sourceTree = "<group>";
		};
		00B82E50292BBE9C0088996B = {
			isa = PBXGroup;
			children = (
				00B82E5B292BBE9C0088996B /* bubble-jam */,
				00B82E72292BBE9D0088996B /* bubble-jamTests */,
				00B82E7C292BBE9D0088996B /* bubble-jamUITests */,
				00B82E5A292BBE9C0088996B /* Products */,
				29B34BE2293641C30092FD1F /* Recovered References */,
			);
			sourceTree = "<group>";
		};
		00B82E5A292BBE9C0088996B /* Products */ = {
			isa = PBXGroup;
			children = (
				00B82E59292BBE9C0088996B /* bubble-jam.app */,
				00B82E6F292BBE9D0088996B /* bubble-jamTests.xctest */,
				00B82E79292BBE9D0088996B /* bubble-jamUITests.xctest */,
			);
			name = Products;
			sourceTree = "<group>";
		};
		00B82E5B292BBE9C0088996B /* bubble-jam */ = {
			isa = PBXGroup;
			children = (
				00B82E8E292BBEB80088996B /* Source */,
				00B82E8D292BBEB20088996B /* Resource */,
				00B82E8C292BBEA80088996B /* Application */,
				00B82E6A292BBE9D0088996B /* Info.plist */,
			);
			path = "bubble-jam";
			sourceTree = "<group>";
		};
		00B82E72292BBE9D0088996B /* bubble-jamTests */ = {
			isa = PBXGroup;
			children = (
				29B34BD2292FB8550092FD1F /* Protocols */,
				29B34BCC292FB09B0092FD1F /* Resources */,
				29B34BC7292F95A40092FD1F /* bubble-jamServiceTests */,
				0087CBC42939356500404615 /* bubble-jamPresenterTests */,
			);
			path = "bubble-jamTests";
			sourceTree = "<group>";
		};
		00B82E7C292BBE9D0088996B /* bubble-jamUITests */ = {
			isa = PBXGroup;
			children = (
				00B82E7D292BBE9D0088996B /* bubble_jamUITests.swift */,
				00B82E7F292BBE9D0088996B /* bubble_jamUITestsLaunchTests.swift */,
			);
			path = "bubble-jamUITests";
			sourceTree = "<group>";
		};
		00B82E8C292BBEA80088996B /* Application */ = {
			isa = PBXGroup;
			children = (
				00B82E5C292BBE9C0088996B /* AppDelegate.swift */,
				00B82E5E292BBE9C0088996B /* SceneDelegate.swift */,
				00B82E67292BBE9D0088996B /* LaunchScreen.storyboard */,
			);
			path = Application;
			sourceTree = "<group>";
		};
		00B82E8D292BBEB20088996B /* Resource */ = {
			isa = PBXGroup;
			children = (
				00B82E65292BBE9D0088996B /* Assets.xcassets */,
			);
			path = Resource;
			sourceTree = "<group>";
		};
		00B82E8E292BBEB80088996B /* Source */ = {
			isa = PBXGroup;
			children = (
				00786977299145BE0018B384 /* Data */,
				00786972299143240018B384 /* Presentation */,
				00786973299144780018B384 /* Domain */,
				29B34BCF292FB61F0092FD1F /* Extensions */,
				D6ADD8C1293628D00057095A /* Protocol */,
			);
			path = Source;
			sourceTree = "<group>";
		};
		00B82E8F292BBED80088996B /* View */ = {
			isa = PBXGroup;
			children = (
				29788A462940DAE7004F82DB /* Onboarding */,
				D673C95E2940C61900C6B207 /* Manager */,
				D65CA2FD293E36CA008DF1B2 /* Draft */,
				D657FED9293781A4005ADD07 /* Sheet */,
				D6ADD8C0293628C90057095A /* Bubblegum */,
			);
			path = View;
			sourceTree = "<group>";
		};
		29788A39293F7FAC004F82DB /* DatetimeService */ = {
			isa = PBXGroup;
			children = (
				29788A3A293F7FCB004F82DB /* DatetimeService.swift */,
				29788A3C293F7FD5004F82DB /* DatetimeServicing.swift */,
			);
			path = DatetimeService;
			sourceTree = "<group>";
		};
		29788A462940DAE7004F82DB /* Onboarding */ = {
			isa = PBXGroup;
			children = (
				29788A472940DC30004F82DB /* OnboardingViewController.swift */,
				29788A492940DC76004F82DB /* Page1ViewController.swift */,
				29788A4B2940DCC1004F82DB /* Page2ViewController.swift */,
				290E72B929465CCC008EBBEE /* Page3ViewController.swift */,
			);
			path = Onboarding;
			sourceTree = "<group>";
		};
		29B34BC4292F92050092FD1F /* Services */ = {
			isa = PBXGroup;
			children = (
				29788A39293F7FAC004F82DB /* DatetimeService */,
				0087CBCB293936B000404615 /* DownloadService */,
				0087CBCA293936AA00404615 /* AudioService */,
				29B34BD5292FB9040092FD1F /* ServiceErrors */,
			);
			path = Services;
			sourceTree = "<group>";
		};
		29B34BC7292F95A40092FD1F /* bubble-jamServiceTests */ = {
			isa = PBXGroup;
			children = (
				29B34BC8292F95BA0092FD1F /* bubble-jamAudioServiceTests.swift */,
				29B34BDD2930FE630092FD1F /* bubble-jamDownloadServiceTests.swift */,
				29788A3E293F88F1004F82DB /* bubble-jamDatetimeServiceTests.swift */,
			);
			path = "bubble-jamServiceTests";
			sourceTree = "<group>";
		};
		29B34BCC292FB09B0092FD1F /* Resources */ = {
			isa = PBXGroup;
			children = (
				00B68BC22931210700126314 /* song.m4a */,
				0087CB752931214600404615 /* song2.m4a */,
			);
			path = Resources;
			sourceTree = "<group>";
		};
		29B34BCF292FB61F0092FD1F /* Extensions */ = {
			isa = PBXGroup;
			children = (
				29B34BD0292FB62D0092FD1F /* AVAudioQueueExtensions.swift */,
				D673C95A2940C5F700C6B207 /* ScrollViewExtensions.swift */,
			);
			path = Extensions;
			sourceTree = "<group>";
		};
		29B34BD2292FB8550092FD1F /* Protocols */ = {
			isa = PBXGroup;
			children = (
				29B34BD3292FB8640092FD1F /* Testing.swift */,
			);
			path = Protocols;
			sourceTree = "<group>";
		};
		29B34BD5292FB9040092FD1F /* ServiceErrors */ = {
			isa = PBXGroup;
			children = (
				29B34BD6292FB9180092FD1F /* AudioServiceError.swift */,
				29B34BDB2930FC250092FD1F /* DownloadServiceErrors.swift */,
			);
			path = ServiceErrors;
			sourceTree = "<group>";
		};
		29B34BE2293641C30092FD1F /* Recovered References */ = {
			isa = PBXGroup;
			children = (
				D6ADD8D129362A360057095A /* song.m4a */,
				29B34BCA292F9B9D0092FD1F /* song2.m4a */,
			);
			name = "Recovered References";
			sourceTree = "<group>";
		};
		D657FED9293781A4005ADD07 /* Sheet */ = {
			isa = PBXGroup;
			children = (
				D657FEDC293786A8005ADD07 /* Components */,
				D657FEDA293781BC005ADD07 /* InformationSheetViewController.swift */,
			);
			path = Sheet;
			sourceTree = "<group>";
		};
		D657FEDC293786A8005ADD07 /* Components */ = {
			isa = PBXGroup;
			children = (
				D657FEDD293786CF005ADD07 /* Background.swift */,
				D657FEDF29378F0E005ADD07 /* ChallengeBanner.swift */,
				D657FEE129379E8F005ADD07 /* DownloadButton.swift */,
				0087CBC22938ED2C00404615 /* AudioInformationGroup.swift */,
			);
			path = Components;
			sourceTree = "<group>";
		};
		D65CA2FD293E36CA008DF1B2 /* Draft */ = {
			isa = PBXGroup;
			children = (
				D65CA300293F5AC7008DF1B2 /* Components */,
				D65CA2FE293E36E2008DF1B2 /* DraftsViewController.swift */,
			);
			path = Draft;
			sourceTree = "<group>";
		};
		D65CA300293F5AC7008DF1B2 /* Components */ = {
			isa = PBXGroup;
			children = (
				D65CA301293F5AE7008DF1B2 /* DraftTexture.swift */,
				D673C9612940C8F400C6B207 /* BackToSample.swift */,
			);
			path = Components;
			sourceTree = "<group>";
		};
		D673C95E2940C61900C6B207 /* Manager */ = {
			isa = PBXGroup;
			children = (
				D673C95F2940C62A00C6B207 /* ManagerViewController.swift */,
			);
			path = Manager;
			sourceTree = "<group>";
		};
		D6ADD8C0293628C90057095A /* Bubblegum */ = {
			isa = PBXGroup;
			children = (
				D6ADD8C62936291E0057095A /* Components */,
				D6ADD8C42936290B0057095A /* BubblegumViewController.swift */,
			);
			path = Bubblegum;
			sourceTree = "<group>";
		};
		D6ADD8C1293628D00057095A /* Protocol */ = {
			isa = PBXGroup;
			children = (
				D6ADD8C2293628F40057095A /* ViewCoding.swift */,
				0087CBB42938E1C500404615 /* AlertPresentable.swift */,
			);
			path = Protocol;
			sourceTree = "<group>";
		};
		D6ADD8C62936291E0057095A /* Components */ = {
			isa = PBXGroup;
			children = (
				D6ADD8C7293629340057095A /* DraftPillButton.swift */,
				D6ADD8C9293629590057095A /* SamplerPlayButton.swift */,
				D6ADD8CB293629820057095A /* SamplerPlayerFrame.swift */,
				D6ADD8CD293629B40057095A /* SamplerTexture.swift */,
				D6ADD8CF293629C50057095A /* TitleLabel.swift */,
				D65CA2FB293E1C6B008DF1B2 /* PacksTexture.swift */,
			);
			path = Components;
			sourceTree = "<group>";
		};
/* End PBXGroup section */

/* Begin PBXNativeTarget section */
		00B82E58292BBE9C0088996B /* bubble-jam */ = {
			isa = PBXNativeTarget;
			buildConfigurationList = 00B82E83292BBE9D0088996B /* Build configuration list for PBXNativeTarget "bubble-jam" */;
			buildPhases = (
				00B82E55292BBE9C0088996B /* Sources */,
				00B82E56292BBE9C0088996B /* Frameworks */,
				00B82E57292BBE9C0088996B /* Resources */,
				00B82E95292BC8AA0088996B /* ShellScript */,
			);
			buildRules = (
			);
			dependencies = (
			);
			name = "bubble-jam";
			packageProductDependencies = (
			);
			productName = "bubble-jam";
			productReference = 00B82E59292BBE9C0088996B /* bubble-jam.app */;
			productType = "com.apple.product-type.application";
		};
		00B82E6E292BBE9D0088996B /* bubble-jamTests */ = {
			isa = PBXNativeTarget;
			buildConfigurationList = 00B82E86292BBE9D0088996B /* Build configuration list for PBXNativeTarget "bubble-jamTests" */;
			buildPhases = (
				00B82E6B292BBE9D0088996B /* Sources */,
				00B82E6C292BBE9D0088996B /* Frameworks */,
				00B82E6D292BBE9D0088996B /* Resources */,
			);
			buildRules = (
			);
			dependencies = (
				00B82E71292BBE9D0088996B /* PBXTargetDependency */,
			);
			name = "bubble-jamTests";
			productName = "bubble-jamTests";
			productReference = 00B82E6F292BBE9D0088996B /* bubble-jamTests.xctest */;
			productType = "com.apple.product-type.bundle.unit-test";
		};
		00B82E78292BBE9D0088996B /* bubble-jamUITests */ = {
			isa = PBXNativeTarget;
			buildConfigurationList = 00B82E89292BBE9D0088996B /* Build configuration list for PBXNativeTarget "bubble-jamUITests" */;
			buildPhases = (
				00B82E75292BBE9D0088996B /* Sources */,
				00B82E76292BBE9D0088996B /* Frameworks */,
				00B82E77292BBE9D0088996B /* Resources */,
			);
			buildRules = (
			);
			dependencies = (
				00B82E7B292BBE9D0088996B /* PBXTargetDependency */,
			);
			name = "bubble-jamUITests";
			productName = "bubble-jamUITests";
			productReference = 00B82E79292BBE9D0088996B /* bubble-jamUITests.xctest */;
			productType = "com.apple.product-type.bundle.ui-testing";
		};
/* End PBXNativeTarget section */

/* Begin PBXProject section */
		00B82E51292BBE9C0088996B /* Project object */ = {
			isa = PBXProject;
			attributes = {
				BuildIndependentTargetsInParallel = 1;
				LastSwiftUpdateCheck = 1410;
				LastUpgradeCheck = 1410;
				TargetAttributes = {
					00B82E58292BBE9C0088996B = {
						CreatedOnToolsVersion = 14.1;
					};
					00B82E6E292BBE9D0088996B = {
						CreatedOnToolsVersion = 14.1;
						TestTargetID = 00B82E58292BBE9C0088996B;
					};
					00B82E78292BBE9D0088996B = {
						CreatedOnToolsVersion = 14.1;
						TestTargetID = 00B82E58292BBE9C0088996B;
					};
				};
			};
			buildConfigurationList = 00B82E54292BBE9C0088996B /* Build configuration list for PBXProject "bubble-jam" */;
			compatibilityVersion = "Xcode 14.0";
			developmentRegion = en;
			hasScannedForEncodings = 0;
			knownRegions = (
				en,
				Base,
			);
			mainGroup = 00B82E50292BBE9C0088996B;
			packageReferences = (
			);
			productRefGroup = 00B82E5A292BBE9C0088996B /* Products */;
			projectDirPath = "";
			projectRoot = "";
			targets = (
				00B82E58292BBE9C0088996B /* bubble-jam */,
				00B82E6E292BBE9D0088996B /* bubble-jamTests */,
				00B82E78292BBE9D0088996B /* bubble-jamUITests */,
			);
		};
/* End PBXProject section */

/* Begin PBXResourcesBuildPhase section */
		00B82E57292BBE9C0088996B /* Resources */ = {
			isa = PBXResourcesBuildPhase;
			buildActionMask = 2147483647;
			files = (
				0087CBBF2938E8C600404615 /* song.m4a in Resources */,
				00B82E69292BBE9D0088996B /* LaunchScreen.storyboard in Resources */,
				00B82E66292BBE9D0088996B /* Assets.xcassets in Resources */,
			);
			runOnlyForDeploymentPostprocessing = 0;
		};
		00B82E6D292BBE9D0088996B /* Resources */ = {
			isa = PBXResourcesBuildPhase;
			buildActionMask = 2147483647;
			files = (
				0087CB762931214600404615 /* song2.m4a in Resources */,
				00B68BC32931210700126314 /* song.m4a in Resources */,
			);
			runOnlyForDeploymentPostprocessing = 0;
		};
		00B82E77292BBE9D0088996B /* Resources */ = {
			isa = PBXResourcesBuildPhase;
			buildActionMask = 2147483647;
			files = (
			);
			runOnlyForDeploymentPostprocessing = 0;
		};
/* End PBXResourcesBuildPhase section */

/* Begin PBXShellScriptBuildPhase section */
		00B82E95292BC8AA0088996B /* ShellScript */ = {
			isa = PBXShellScriptBuildPhase;
			buildActionMask = 12;
			files = (
			);
			inputFileListPaths = (
			);
			inputPaths = (
			);
			outputFileListPaths = (
			);
			outputPaths = (
			);
			runOnlyForDeploymentPostprocessing = 0;
			shellPath = /bin/sh;
			shellScript = "# Type a script or drag a script file from your workspace to insert its path.\nexport PATH=\"$PATH:/opt/homebrew/bin\"\nif which swiftlint > /dev/null; then\n  swiftlint\nelse\n  echo \"warning: SwiftLint not installed, download from https://github.com/realm/SwiftLint\"\nfi\n";
		};
/* End PBXShellScriptBuildPhase section */

/* Begin PBXSourcesBuildPhase section */
		00B82E55292BBE9C0088996B /* Sources */ = {
			isa = PBXSourcesBuildPhase;
			buildActionMask = 2147483647;
			files = (
				29B34BC6292F921C0092FD1F /* AudioService.swift in Sources */,
				D673C95B2940C5F700C6B207 /* ScrollViewExtensions.swift in Sources */,
				29B34BD7292FB9180092FD1F /* AudioServiceError.swift in Sources */,
				0087CBBE2938E3D900404615 /* Audio.swift in Sources */,
				29B34BDC2930FC250092FD1F /* DownloadServiceErrors.swift in Sources */,
				29B34BD92930FA560092FD1F /* DownloadService.swift in Sources */,
				D65CA302293F5AE7008DF1B2 /* DraftTexture.swift in Sources */,
				0087CBBB2938E27800404615 /* BubblegumPresenter.swift in Sources */,
				D6ADD8D0293629C50057095A /* TitleLabel.swift in Sources */,
				D673C95D2940C60900C6B207 /* ScrollMovement.swift in Sources */,
				D65CA2FF293E36E2008DF1B2 /* DraftsViewController.swift in Sources */,
				290E72BA29465CCC008EBBEE /* Page3ViewController.swift in Sources */,
				00B82E5D292BBE9C0088996B /* AppDelegate.swift in Sources */,
				D657FEDB293781BC005ADD07 /* InformationSheetViewController.swift in Sources */,
				D657FEE229379E8F005ADD07 /* DownloadButton.swift in Sources */,
				00786979299145D30018B384 /* Constants.swift in Sources */,
				29788A4C2940DCC1004F82DB /* Page2ViewController.swift in Sources */,
				D6ADD8CE293629B40057095A /* SamplerTexture.swift in Sources */,
				29788A3D293F7FD5004F82DB /* DatetimeServicing.swift in Sources */,
				D6ADD8C52936290B0057095A /* BubblegumViewController.swift in Sources */,
				D6ADD8C3293628F40057095A /* ViewCoding.swift in Sources */,
				29B34BD1292FB62D0092FD1F /* AVAudioQueueExtensions.swift in Sources */,
				00786976299145780018B384 /* DownloadAudioRoutineUseCase.swift in Sources */,
				D673C9622940C8F400C6B207 /* BackToSample.swift in Sources */,
				0087CBC32938ED2C00404615 /* AudioInformationGroup.swift in Sources */,
				0087CBB92938E26F00404615 /* BubblegumPresenting.swift in Sources */,
				D65CA2FC293E1C6B008DF1B2 /* PacksTexture.swift in Sources */,
				29788A3B293F7FCB004F82DB /* DatetimeService.swift in Sources */,
				D657FEDE293786CF005ADD07 /* Background.swift in Sources */,
				0087CBD5293A540900404615 /* DownloadServicing.swift in Sources */,
				0087CBB52938E1C500404615 /* AlertPresentable.swift in Sources */,
				00B82E5F292BBE9C0088996B /* SceneDelegate.swift in Sources */,
				0087CBCD293936C200404615 /* AudioServicing.swift in Sources */,
				D6ADD8CC293629820057095A /* SamplerPlayerFrame.swift in Sources */,
				D6ADD8CA293629590057095A /* SamplerPlayButton.swift in Sources */,
				D673C9602940C62A00C6B207 /* ManagerViewController.swift in Sources */,
				29788A482940DC30004F82DB /* OnboardingViewController.swift in Sources */,
				29788A4A2940DC76004F82DB /* Page1ViewController.swift in Sources */,
				D657FEE029378F0E005ADD07 /* ChallengeBanner.swift in Sources */,
				D6ADD8C8293629340057095A /* DraftPillButton.swift in Sources */,
			);
			runOnlyForDeploymentPostprocessing = 0;
		};
		00B82E6B292BBE9D0088996B /* Sources */ = {
			isa = PBXSourcesBuildPhase;
			buildActionMask = 2147483647;
			files = (
				0087CBC7293935B500404615 /* BubblegumPresenterTest.swift in Sources */,
				29788A3F293F88F1004F82DB /* bubble-jamDatetimeServiceTests.swift in Sources */,
				29B34BD4292FB8640092FD1F /* Testing.swift in Sources */,
				0087CBD0293938FC00404615 /* BubblegumViewDelegateSpy.swift in Sources */,
				29B34BC9292F95BA0092FD1F /* bubble-jamAudioServiceTests.swift in Sources */,
				0087CBD7293E337900404615 /* DownloadServiceSpy.swift in Sources */,
				0087CBC92939367D00404615 /* AudioServiceSpy.swift in Sources */,
				29B34BDE2930FE630092FD1F /* bubble-jamDownloadServiceTests.swift in Sources */,
			);
			runOnlyForDeploymentPostprocessing = 0;
		};
		00B82E75292BBE9D0088996B /* Sources */ = {
			isa = PBXSourcesBuildPhase;
			buildActionMask = 2147483647;
			files = (
				00B82E7E292BBE9D0088996B /* bubble_jamUITests.swift in Sources */,
				00B82E80292BBE9D0088996B /* bubble_jamUITestsLaunchTests.swift in Sources */,
			);
			runOnlyForDeploymentPostprocessing = 0;
		};
/* End PBXSourcesBuildPhase section */

/* Begin PBXTargetDependency section */
		00B82E71292BBE9D0088996B /* PBXTargetDependency */ = {
			isa = PBXTargetDependency;
			target = 00B82E58292BBE9C0088996B /* bubble-jam */;
			targetProxy = 00B82E70292BBE9D0088996B /* PBXContainerItemProxy */;
		};
		00B82E7B292BBE9D0088996B /* PBXTargetDependency */ = {
			isa = PBXTargetDependency;
			target = 00B82E58292BBE9C0088996B /* bubble-jam */;
			targetProxy = 00B82E7A292BBE9D0088996B /* PBXContainerItemProxy */;
		};
/* End PBXTargetDependency section */

/* Begin PBXVariantGroup section */
		00B82E67292BBE9D0088996B /* LaunchScreen.storyboard */ = {
			isa = PBXVariantGroup;
			children = (
				00B82E68292BBE9D0088996B /* Base */,
			);
			name = LaunchScreen.storyboard;
			sourceTree = "<group>";
		};
/* End PBXVariantGroup section */

/* Begin XCBuildConfiguration section */
		00B82E81292BBE9D0088996B /* Debug */ = {
			isa = XCBuildConfiguration;
			buildSettings = {
				ALWAYS_SEARCH_USER_PATHS = NO;
				CLANG_ANALYZER_NONNULL = YES;
				CLANG_ANALYZER_NUMBER_OBJECT_CONVERSION = YES_AGGRESSIVE;
				CLANG_CXX_LANGUAGE_STANDARD = "gnu++20";
				CLANG_ENABLE_MODULES = YES;
				CLANG_ENABLE_OBJC_ARC = YES;
				CLANG_ENABLE_OBJC_WEAK = YES;
				CLANG_WARN_BLOCK_CAPTURE_AUTORELEASING = YES;
				CLANG_WARN_BOOL_CONVERSION = YES;
				CLANG_WARN_COMMA = YES;
				CLANG_WARN_CONSTANT_CONVERSION = YES;
				CLANG_WARN_DEPRECATED_OBJC_IMPLEMENTATIONS = YES;
				CLANG_WARN_DIRECT_OBJC_ISA_USAGE = YES_ERROR;
				CLANG_WARN_DOCUMENTATION_COMMENTS = YES;
				CLANG_WARN_EMPTY_BODY = YES;
				CLANG_WARN_ENUM_CONVERSION = YES;
				CLANG_WARN_INFINITE_RECURSION = YES;
				CLANG_WARN_INT_CONVERSION = YES;
				CLANG_WARN_NON_LITERAL_NULL_CONVERSION = YES;
				CLANG_WARN_OBJC_IMPLICIT_RETAIN_SELF = YES;
				CLANG_WARN_OBJC_LITERAL_CONVERSION = YES;
				CLANG_WARN_OBJC_ROOT_CLASS = YES_ERROR;
				CLANG_WARN_QUOTED_INCLUDE_IN_FRAMEWORK_HEADER = YES;
				CLANG_WARN_RANGE_LOOP_ANALYSIS = YES;
				CLANG_WARN_STRICT_PROTOTYPES = YES;
				CLANG_WARN_SUSPICIOUS_MOVE = YES;
				CLANG_WARN_UNGUARDED_AVAILABILITY = YES_AGGRESSIVE;
				CLANG_WARN_UNREACHABLE_CODE = YES;
				CLANG_WARN__DUPLICATE_METHOD_MATCH = YES;
				COPY_PHASE_STRIP = NO;
				DEBUG_INFORMATION_FORMAT = dwarf;
				ENABLE_STRICT_OBJC_MSGSEND = YES;
				ENABLE_TESTABILITY = YES;
				GCC_C_LANGUAGE_STANDARD = gnu11;
				GCC_DYNAMIC_NO_PIC = NO;
				GCC_NO_COMMON_BLOCKS = YES;
				GCC_OPTIMIZATION_LEVEL = 0;
				GCC_PREPROCESSOR_DEFINITIONS = (
					"DEBUG=1",
					"$(inherited)",
				);
				GCC_WARN_64_TO_32_BIT_CONVERSION = YES;
				GCC_WARN_ABOUT_RETURN_TYPE = YES_ERROR;
				GCC_WARN_UNDECLARED_SELECTOR = YES;
				GCC_WARN_UNINITIALIZED_AUTOS = YES_AGGRESSIVE;
				GCC_WARN_UNUSED_FUNCTION = YES;
				GCC_WARN_UNUSED_VARIABLE = YES;
				IPHONEOS_DEPLOYMENT_TARGET = 16.1;
				MTL_ENABLE_DEBUG_INFO = INCLUDE_SOURCE;
				MTL_FAST_MATH = YES;
				ONLY_ACTIVE_ARCH = YES;
				SDKROOT = iphoneos;
				SWIFT_ACTIVE_COMPILATION_CONDITIONS = DEBUG;
				SWIFT_OPTIMIZATION_LEVEL = "-Onone";
			};
			name = Debug;
		};
		00B82E82292BBE9D0088996B /* Release */ = {
			isa = XCBuildConfiguration;
			buildSettings = {
				ALWAYS_SEARCH_USER_PATHS = NO;
				CLANG_ANALYZER_NONNULL = YES;
				CLANG_ANALYZER_NUMBER_OBJECT_CONVERSION = YES_AGGRESSIVE;
				CLANG_CXX_LANGUAGE_STANDARD = "gnu++20";
				CLANG_ENABLE_MODULES = YES;
				CLANG_ENABLE_OBJC_ARC = YES;
				CLANG_ENABLE_OBJC_WEAK = YES;
				CLANG_WARN_BLOCK_CAPTURE_AUTORELEASING = YES;
				CLANG_WARN_BOOL_CONVERSION = YES;
				CLANG_WARN_COMMA = YES;
				CLANG_WARN_CONSTANT_CONVERSION = YES;
				CLANG_WARN_DEPRECATED_OBJC_IMPLEMENTATIONS = YES;
				CLANG_WARN_DIRECT_OBJC_ISA_USAGE = YES_ERROR;
				CLANG_WARN_DOCUMENTATION_COMMENTS = YES;
				CLANG_WARN_EMPTY_BODY = YES;
				CLANG_WARN_ENUM_CONVERSION = YES;
				CLANG_WARN_INFINITE_RECURSION = YES;
				CLANG_WARN_INT_CONVERSION = YES;
				CLANG_WARN_NON_LITERAL_NULL_CONVERSION = YES;
				CLANG_WARN_OBJC_IMPLICIT_RETAIN_SELF = YES;
				CLANG_WARN_OBJC_LITERAL_CONVERSION = YES;
				CLANG_WARN_OBJC_ROOT_CLASS = YES_ERROR;
				CLANG_WARN_QUOTED_INCLUDE_IN_FRAMEWORK_HEADER = YES;
				CLANG_WARN_RANGE_LOOP_ANALYSIS = YES;
				CLANG_WARN_STRICT_PROTOTYPES = YES;
				CLANG_WARN_SUSPICIOUS_MOVE = YES;
				CLANG_WARN_UNGUARDED_AVAILABILITY = YES_AGGRESSIVE;
				CLANG_WARN_UNREACHABLE_CODE = YES;
				CLANG_WARN__DUPLICATE_METHOD_MATCH = YES;
				COPY_PHASE_STRIP = NO;
				DEBUG_INFORMATION_FORMAT = "dwarf-with-dsym";
				ENABLE_NS_ASSERTIONS = NO;
				ENABLE_STRICT_OBJC_MSGSEND = YES;
				GCC_C_LANGUAGE_STANDARD = gnu11;
				GCC_NO_COMMON_BLOCKS = YES;
				GCC_WARN_64_TO_32_BIT_CONVERSION = YES;
				GCC_WARN_ABOUT_RETURN_TYPE = YES_ERROR;
				GCC_WARN_UNDECLARED_SELECTOR = YES;
				GCC_WARN_UNINITIALIZED_AUTOS = YES_AGGRESSIVE;
				GCC_WARN_UNUSED_FUNCTION = YES;
				GCC_WARN_UNUSED_VARIABLE = YES;
				IPHONEOS_DEPLOYMENT_TARGET = 16.1;
				MTL_ENABLE_DEBUG_INFO = NO;
				MTL_FAST_MATH = YES;
				SDKROOT = iphoneos;
				SWIFT_COMPILATION_MODE = wholemodule;
				SWIFT_OPTIMIZATION_LEVEL = "-O";
				VALIDATE_PRODUCT = YES;
			};
			name = Release;
		};
		00B82E84292BBE9D0088996B /* Debug */ = {
			isa = XCBuildConfiguration;
			buildSettings = {
				ASSETCATALOG_COMPILER_APPICON_NAME = AppIcon;
				ASSETCATALOG_COMPILER_GLOBAL_ACCENT_COLOR_NAME = AccentColor;
				CODE_SIGN_STYLE = Automatic;
				CURRENT_PROJECT_VERSION = 3;
				DEVELOPMENT_TEAM = 685GVH2XJC;
				GENERATE_INFOPLIST_FILE = YES;
				INFOPLIST_FILE = "bubble-jam/Info.plist";
				INFOPLIST_KEY_LSSupportsOpeningDocumentsInPlace = YES;
				INFOPLIST_KEY_UIApplicationSupportsIndirectInputEvents = YES;
				INFOPLIST_KEY_UILaunchStoryboardName = LaunchScreen;
				INFOPLIST_KEY_UIStatusBarStyle = "";
				INFOPLIST_KEY_UISupportedInterfaceOrientations = "UIInterfaceOrientationPortrait UIInterfaceOrientationPortraitUpsideDown";
				INFOPLIST_KEY_UISupportedInterfaceOrientations_iPad = "UIInterfaceOrientationLandscapeLeft UIInterfaceOrientationLandscapeRight UIInterfaceOrientationPortrait UIInterfaceOrientationPortraitUpsideDown";
				INFOPLIST_KEY_UISupportsDocumentBrowser = YES;
				IPHONEOS_DEPLOYMENT_TARGET = 16.0;
				LD_RUNPATH_SEARCH_PATHS = (
					"$(inherited)",
					"@executable_path/Frameworks",
				);
				MARKETING_VERSION = 1.0;
				PRODUCT_BUNDLE_IDENTIFIER = "thiagohba.com.bubble-jam";
				PRODUCT_NAME = "$(TARGET_NAME)";
				SUPPORTED_PLATFORMS = "iphoneos iphonesimulator";
				SUPPORTS_MACCATALYST = NO;
				SUPPORTS_MAC_DESIGNED_FOR_IPHONE_IPAD = NO;
				SWIFT_EMIT_LOC_STRINGS = YES;
				SWIFT_VERSION = 5.0;
				TARGETED_DEVICE_FAMILY = 1;
			};
			name = Debug;
		};
		00B82E85292BBE9D0088996B /* Release */ = {
			isa = XCBuildConfiguration;
			buildSettings = {
				ASSETCATALOG_COMPILER_APPICON_NAME = AppIcon;
				ASSETCATALOG_COMPILER_GLOBAL_ACCENT_COLOR_NAME = AccentColor;
				CODE_SIGN_STYLE = Automatic;
				CURRENT_PROJECT_VERSION = 3;
				DEVELOPMENT_TEAM = 685GVH2XJC;
				GENERATE_INFOPLIST_FILE = YES;
				INFOPLIST_FILE = "bubble-jam/Info.plist";
				INFOPLIST_KEY_LSSupportsOpeningDocumentsInPlace = YES;
				INFOPLIST_KEY_UIApplicationSupportsIndirectInputEvents = YES;
				INFOPLIST_KEY_UILaunchStoryboardName = LaunchScreen;
				INFOPLIST_KEY_UIStatusBarStyle = "";
				INFOPLIST_KEY_UISupportedInterfaceOrientations = "UIInterfaceOrientationPortrait UIInterfaceOrientationPortraitUpsideDown";
				INFOPLIST_KEY_UISupportedInterfaceOrientations_iPad = "UIInterfaceOrientationLandscapeLeft UIInterfaceOrientationLandscapeRight UIInterfaceOrientationPortrait UIInterfaceOrientationPortraitUpsideDown";
				INFOPLIST_KEY_UISupportsDocumentBrowser = YES;
				IPHONEOS_DEPLOYMENT_TARGET = 16.0;
				LD_RUNPATH_SEARCH_PATHS = (
					"$(inherited)",
					"@executable_path/Frameworks",
				);
				MARKETING_VERSION = 1.0;
				PRODUCT_BUNDLE_IDENTIFIER = "thiagohba.com.bubble-jam";
				PRODUCT_NAME = "$(TARGET_NAME)";
				SUPPORTED_PLATFORMS = "iphoneos iphonesimulator";
				SUPPORTS_MACCATALYST = NO;
				SUPPORTS_MAC_DESIGNED_FOR_IPHONE_IPAD = NO;
				SWIFT_EMIT_LOC_STRINGS = YES;
				SWIFT_VERSION = 5.0;
				TARGETED_DEVICE_FAMILY = 1;
			};
			name = Release;
		};
		00B82E87292BBE9D0088996B /* Debug */ = {
			isa = XCBuildConfiguration;
			buildSettings = {
				ALWAYS_EMBED_SWIFT_STANDARD_LIBRARIES = YES;
				BUNDLE_LOADER = "$(TEST_HOST)";
				CODE_SIGN_STYLE = Automatic;
				CURRENT_PROJECT_VERSION = 1;
				DEVELOPMENT_TEAM = 8YQ35HP37L;
				GENERATE_INFOPLIST_FILE = YES;
				IPHONEOS_DEPLOYMENT_TARGET = 16.1;
				MARKETING_VERSION = 1.0;
				PRODUCT_BUNDLE_IDENTIFIER = "thiagohba.com.bubble-jamTests";
				PRODUCT_NAME = "$(TARGET_NAME)";
				SWIFT_EMIT_LOC_STRINGS = NO;
				SWIFT_VERSION = 5.0;
				TARGETED_DEVICE_FAMILY = "1,2";
				TEST_HOST = "$(BUILT_PRODUCTS_DIR)/bubble-jam.app/$(BUNDLE_EXECUTABLE_FOLDER_PATH)/bubble-jam";
			};
			name = Debug;
		};
		00B82E88292BBE9D0088996B /* Release */ = {
			isa = XCBuildConfiguration;
			buildSettings = {
				ALWAYS_EMBED_SWIFT_STANDARD_LIBRARIES = YES;
				BUNDLE_LOADER = "$(TEST_HOST)";
				CODE_SIGN_STYLE = Automatic;
				CURRENT_PROJECT_VERSION = 1;
				DEVELOPMENT_TEAM = 8YQ35HP37L;
				GENERATE_INFOPLIST_FILE = YES;
				IPHONEOS_DEPLOYMENT_TARGET = 16.1;
				MARKETING_VERSION = 1.0;
				PRODUCT_BUNDLE_IDENTIFIER = "thiagohba.com.bubble-jamTests";
				PRODUCT_NAME = "$(TARGET_NAME)";
				SWIFT_EMIT_LOC_STRINGS = NO;
				SWIFT_VERSION = 5.0;
				TARGETED_DEVICE_FAMILY = "1,2";
				TEST_HOST = "$(BUILT_PRODUCTS_DIR)/bubble-jam.app/$(BUNDLE_EXECUTABLE_FOLDER_PATH)/bubble-jam";
			};
			name = Release;
		};
		00B82E8A292BBE9D0088996B /* Debug */ = {
			isa = XCBuildConfiguration;
			buildSettings = {
				ALWAYS_EMBED_SWIFT_STANDARD_LIBRARIES = YES;
				CODE_SIGN_STYLE = Automatic;
				CURRENT_PROJECT_VERSION = 1;
				DEVELOPMENT_TEAM = 8YQ35HP37L;
				GENERATE_INFOPLIST_FILE = YES;
				IPHONEOS_DEPLOYMENT_TARGET = 16.0;
				MARKETING_VERSION = 1.0;
				PRODUCT_BUNDLE_IDENTIFIER = "thiagohba.com.bubble-jamUITests";
				PRODUCT_NAME = "$(TARGET_NAME)";
				SWIFT_EMIT_LOC_STRINGS = NO;
				SWIFT_VERSION = 5.0;
				TARGETED_DEVICE_FAMILY = "1,2";
				TEST_TARGET_NAME = "bubble-jam";
			};
			name = Debug;
		};
		00B82E8B292BBE9D0088996B /* Release */ = {
			isa = XCBuildConfiguration;
			buildSettings = {
				ALWAYS_EMBED_SWIFT_STANDARD_LIBRARIES = YES;
				CODE_SIGN_STYLE = Automatic;
				CURRENT_PROJECT_VERSION = 1;
				DEVELOPMENT_TEAM = 685GVH2XJC;
				GENERATE_INFOPLIST_FILE = YES;
				IPHONEOS_DEPLOYMENT_TARGET = 16.0;
				MARKETING_VERSION = 1.0;
				PRODUCT_BUNDLE_IDENTIFIER = "thiagohba.com.bubble-jamUITests";
				PRODUCT_NAME = "$(TARGET_NAME)";
				SWIFT_EMIT_LOC_STRINGS = NO;
				SWIFT_VERSION = 5.0;
				TARGETED_DEVICE_FAMILY = "1,2";
				TEST_TARGET_NAME = "bubble-jam";
			};
			name = Release;
		};
/* End XCBuildConfiguration section */

/* Begin XCConfigurationList section */
		00B82E54292BBE9C0088996B /* Build configuration list for PBXProject "bubble-jam" */ = {
			isa = XCConfigurationList;
			buildConfigurations = (
				00B82E81292BBE9D0088996B /* Debug */,
				00B82E82292BBE9D0088996B /* Release */,
			);
			defaultConfigurationIsVisible = 0;
			defaultConfigurationName = Release;
		};
		00B82E83292BBE9D0088996B /* Build configuration list for PBXNativeTarget "bubble-jam" */ = {
			isa = XCConfigurationList;
			buildConfigurations = (
				00B82E84292BBE9D0088996B /* Debug */,
				00B82E85292BBE9D0088996B /* Release */,
			);
			defaultConfigurationIsVisible = 0;
			defaultConfigurationName = Release;
		};
		00B82E86292BBE9D0088996B /* Build configuration list for PBXNativeTarget "bubble-jamTests" */ = {
			isa = XCConfigurationList;
			buildConfigurations = (
				00B82E87292BBE9D0088996B /* Debug */,
				00B82E88292BBE9D0088996B /* Release */,
			);
			defaultConfigurationIsVisible = 0;
			defaultConfigurationName = Release;
		};
		00B82E89292BBE9D0088996B /* Build configuration list for PBXNativeTarget "bubble-jamUITests" */ = {
			isa = XCConfigurationList;
			buildConfigurations = (
				00B82E8A292BBE9D0088996B /* Debug */,
				00B82E8B292BBE9D0088996B /* Release */,
			);
			defaultConfigurationIsVisible = 0;
			defaultConfigurationName = Release;
		};
/* End XCConfigurationList section */
	};
	rootObject = 00B82E51292BBE9C0088996B /* Project object */;
}
